PODS:
  - CHTCollectionViewWaterfallLayout (0.9.10):
    - CHTCollectionViewWaterfallLayout/Swift (= 0.9.10)
  - CHTCollectionViewWaterfallLayout/Swift (0.9.10)

DEPENDENCIES:
  - CHTCollectionViewWaterfallLayout

SPEC REPOS:
  trunk:
    - CHTCollectionViewWaterfallLayout

SPEC CHECKSUMS:
  CHTCollectionViewWaterfallLayout: b989a459788d7657ac010e03bc0f7eedca95a420

PODFILE CHECKSUM: 6574914687485acfa7c74fedcdd4ab4111f29ccd

COCOAPODS: 1.11.3
